// !$*UTF8*$!
{
	archiveVersion = 1;
	classes = {
	};
	objectVersion = 46;
	objects = {

/* Begin PBXBuildFile section */
		32675A641A708D25009CE460 /* AppDelegate.swift in Sources */ = {isa = PBXBuildFile; fileRef = 32675A631A708D25009CE460 /* AppDelegate.swift */; };
		32675A661A708D25009CE460 /* ViewController.swift in Sources */ = {isa = PBXBuildFile; fileRef = 32675A651A708D25009CE460 /* ViewController.swift */; };
		32675A691A708D25009CE460 /* Main.storyboard in Resources */ = {isa = PBXBuildFile; fileRef = 32675A671A708D25009CE460 /* Main.storyboard */; };
		32675A6B1A708D25009CE460 /* Images.xcassets in Resources */ = {isa = PBXBuildFile; fileRef = 32675A6A1A708D25009CE460 /* Images.xcassets */; };
		32675A6E1A708D25009CE460 /* LaunchScreen.xib in Resources */ = {isa = PBXBuildFile; fileRef = 32675A6C1A708D25009CE460 /* LaunchScreen.xib */; };
		32675A7A1A708D25009CE460 /* PVSBoardGamesTests.swift in Sources */ = {isa = PBXBuildFile; fileRef = 32675A791A708D25009CE460 /* PVSBoardGamesTests.swift */; };
		32675A841A7099A4009CE460 /* PVSMyGamesViewController.swift in Sources */ = {isa = PBXBuildFile; fileRef = 32675A831A7099A4009CE460 /* PVSMyGamesViewController.swift */; };
		327487921A756DE50072EB60 /* PVSBoardContext.swift in Sources */ = {isa = PBXBuildFile; fileRef = 327487911A756DE50072EB60 /* PVSBoardContext.swift */; };
		327487941A75B3E70072EB60 /* PVSUtils.swift in Sources */ = {isa = PBXBuildFile; fileRef = 327487931A75B3E70072EB60 /* PVSUtils.swift */; };
		32ABE1A71A7719E200C5DEE4 /* games in Resources */ = {isa = PBXBuildFile; fileRef = 32ABE1A61A7719E200C5DEE4 /* games */; };
		32ABE1A81A7719E200C5DEE4 /* games in Resources */ = {isa = PBXBuildFile; fileRef = 32ABE1A61A7719E200C5DEE4 /* games */; };
		32BA87911A71C9EC00017190 /* PVSGameViewController.swift in Sources */ = {isa = PBXBuildFile; fileRef = 32BA87901A71C9EC00017190 /* PVSGameViewController.swift */; };
		32BA87931A71CC1E00017190 /* PVSBoard.swift in Sources */ = {isa = PBXBuildFile; fileRef = 32BA87921A71CC1E00017190 /* PVSBoard.swift */; };
		32BA87961A71DC0B00017190 /* PVSBoardSquare.swift in Sources */ = {isa = PBXBuildFile; fileRef = 32BA87951A71DC0B00017190 /* PVSBoardSquare.swift */; };
		32BA87971A71EDE700017190 /* PVSBoard.swift in Sources */ = {isa = PBXBuildFile; fileRef = 32BA87921A71CC1E00017190 /* PVSBoard.swift */; };
		32BA87981A71EDE700017190 /* PVSBoardSquare.swift in Sources */ = {isa = PBXBuildFile; fileRef = 32BA87951A71DC0B00017190 /* PVSBoardSquare.swift */; };
		32D7C51A1A751E39005A056A /* JavaScriptCore.framework in Frameworks */ = {isa = PBXBuildFile; fileRef = 32D7C5191A751E39005A056A /* JavaScriptCore.framework */; };
		32D7C51C1A751E61005A056A /* PVSBoardJSInterface.swift in Sources */ = {isa = PBXBuildFile; fileRef = 32D7C51B1A751E61005A056A /* PVSBoardJSInterface.swift */; };
		32D7C51D1A751E61005A056A /* PVSBoardJSInterface.swift in Sources */ = {isa = PBXBuildFile; fileRef = 32D7C51B1A751E61005A056A /* PVSBoardJSInterface.swift */; };
		32D7C5751A7554CF005A056A /* PVSJSInterface.m in Sources */ = {isa = PBXBuildFile; fileRef = 32D7C5741A7554CF005A056A /* PVSJSInterface.m */; };
		32D7C5761A7554CF005A056A /* PVSJSInterface.m in Sources */ = {isa = PBXBuildFile; fileRef = 32D7C5741A7554CF005A056A /* PVSJSInterface.m */; };
		32EDBE541A748FBC007E3DCD /* PVSBoardView.swift in Sources */ = {isa = PBXBuildFile; fileRef = 32EDBE531A748FBC007E3DCD /* PVSBoardView.swift */; };
		32EDBE551A7490BC007E3DCD /* PVSBoardView.swift in Sources */ = {isa = PBXBuildFile; fileRef = 32EDBE531A748FBC007E3DCD /* PVSBoardView.swift */; };
/* End PBXBuildFile section */

/* Begin PBXContainerItemProxy section */
		32675A741A708D25009CE460 /* PBXContainerItemProxy */ = {
			isa = PBXContainerItemProxy;
			containerPortal = 32675A561A708D25009CE460 /* Project object */;
			proxyType = 1;
			remoteGlobalIDString = 32675A5D1A708D25009CE460;
			remoteInfo = PVSBoardGames;
		};
/* End PBXContainerItemProxy section */

/* Begin PBXFileReference section */
		32675A5E1A708D25009CE460 /* PVSBoardGames.app */ = {isa = PBXFileReference; explicitFileType = wrapper.application; includeInIndex = 0; path = PVSBoardGames.app; sourceTree = BUILT_PRODUCTS_DIR; };
		32675A621A708D25009CE460 /* Info.plist */ = {isa = PBXFileReference; lastKnownFileType = text.plist.xml; path = Info.plist; sourceTree = "<group>"; };
		32675A631A708D25009CE460 /* AppDelegate.swift */ = {isa = PBXFileReference; lastKnownFileType = sourcecode.swift; path = AppDelegate.swift; sourceTree = "<group>"; };
		32675A651A708D25009CE460 /* ViewController.swift */ = {isa = PBXFileReference; lastKnownFileType = sourcecode.swift; path = ViewController.swift; sourceTree = "<group>"; };
		32675A681A708D25009CE460 /* Base */ = {isa = PBXFileReference; lastKnownFileType = file.storyboard; name = Base; path = Base.lproj/Main.storyboard; sourceTree = "<group>"; };
		32675A6A1A708D25009CE460 /* Images.xcassets */ = {isa = PBXFileReference; lastKnownFileType = folder.assetcatalog; path = Images.xcassets; sourceTree = "<group>"; };
		32675A6D1A708D25009CE460 /* Base */ = {isa = PBXFileReference; lastKnownFileType = file.xib; name = Base; path = Base.lproj/LaunchScreen.xib; sourceTree = "<group>"; };
		32675A731A708D25009CE460 /* PVSBoardGamesTests.xctest */ = {isa = PBXFileReference; explicitFileType = wrapper.cfbundle; includeInIndex = 0; path = PVSBoardGamesTests.xctest; sourceTree = BUILT_PRODUCTS_DIR; };
		32675A781A708D25009CE460 /* Info.plist */ = {isa = PBXFileReference; lastKnownFileType = text.plist.xml; path = Info.plist; sourceTree = "<group>"; };
		32675A791A708D25009CE460 /* PVSBoardGamesTests.swift */ = {isa = PBXFileReference; lastKnownFileType = sourcecode.swift; path = PVSBoardGamesTests.swift; sourceTree = "<group>"; };
		32675A831A7099A4009CE460 /* PVSMyGamesViewController.swift */ = {isa = PBXFileReference; fileEncoding = 4; lastKnownFileType = sourcecode.swift; path = PVSMyGamesViewController.swift; sourceTree = "<group>"; };
		327487911A756DE50072EB60 /* PVSBoardContext.swift */ = {isa = PBXFileReference; fileEncoding = 4; lastKnownFileType = sourcecode.swift; path = PVSBoardContext.swift; sourceTree = "<group>"; };
		327487931A75B3E70072EB60 /* PVSUtils.swift */ = {isa = PBXFileReference; fileEncoding = 4; lastKnownFileType = sourcecode.swift; path = PVSUtils.swift; sourceTree = "<group>"; };
		32ABE1A61A7719E200C5DEE4 /* games */ = {isa = PBXFileReference; lastKnownFileType = folder; path = games; sourceTree = "<group>"; };
		32BA87901A71C9EC00017190 /* PVSGameViewController.swift */ = {isa = PBXFileReference; fileEncoding = 4; lastKnownFileType = sourcecode.swift; path = PVSGameViewController.swift; sourceTree = "<group>"; };
		32BA87921A71CC1E00017190 /* PVSBoard.swift */ = {isa = PBXFileReference; fileEncoding = 4; lastKnownFileType = sourcecode.swift; path = PVSBoard.swift; sourceTree = "<group>"; };
		32BA87951A71DC0B00017190 /* PVSBoardSquare.swift */ = {isa = PBXFileReference; fileEncoding = 4; lastKnownFileType = sourcecode.swift; path = PVSBoardSquare.swift; sourceTree = "<group>"; };
		32D7C5191A751E39005A056A /* JavaScriptCore.framework */ = {isa = PBXFileReference; lastKnownFileType = wrapper.framework; name = JavaScriptCore.framework; path = System/Library/Frameworks/JavaScriptCore.framework; sourceTree = SDKROOT; };
		32D7C51B1A751E61005A056A /* PVSBoardJSInterface.swift */ = {isa = PBXFileReference; fileEncoding = 4; lastKnownFileType = sourcecode.swift; path = PVSBoardJSInterface.swift; sourceTree = "<group>"; };
		32D7C51E1A751F44005A056A /* PVSBoardGames-Bridging-Header.h */ = {isa = PBXFileReference; fileEncoding = 4; lastKnownFileType = sourcecode.c.h; path = "PVSBoardGames-Bridging-Header.h"; sourceTree = "<group>"; };
		32D7C5711A7554CE005A056A /* PVSBoardGames-Bridging-Header.h */ = {isa = PBXFileReference; lastKnownFileType = sourcecode.c.h; path = "PVSBoardGames-Bridging-Header.h"; sourceTree = "<group>"; };
		32D7C5721A7554CE005A056A /* PVSBoardGamesTests-Bridging-Header.h */ = {isa = PBXFileReference; lastKnownFileType = sourcecode.c.h; path = "PVSBoardGamesTests-Bridging-Header.h"; sourceTree = "<group>"; };
		32D7C5731A7554CF005A056A /* PVSJSInterface.h */ = {isa = PBXFileReference; fileEncoding = 4; lastKnownFileType = sourcecode.c.h; path = PVSJSInterface.h; sourceTree = "<group>"; };
		32D7C5741A7554CF005A056A /* PVSJSInterface.m */ = {isa = PBXFileReference; fileEncoding = 4; lastKnownFileType = sourcecode.c.objc; path = PVSJSInterface.m; sourceTree = "<group>"; };
		32EDBE531A748FBC007E3DCD /* PVSBoardView.swift */ = {isa = PBXFileReference; fileEncoding = 4; lastKnownFileType = sourcecode.swift; path = PVSBoardView.swift; sourceTree = "<group>"; };
/* End PBXFileReference section */

/* Begin PBXFrameworksBuildPhase section */
		32675A5B1A708D25009CE460 /* Frameworks */ = {
			isa = PBXFrameworksBuildPhase;
			buildActionMask = 2147483647;
			files = (
				32D7C51A1A751E39005A056A /* JavaScriptCore.framework in Frameworks */,
			);
			runOnlyForDeploymentPostprocessing = 0;
		};
		32675A701A708D25009CE460 /* Frameworks */ = {
			isa = PBXFrameworksBuildPhase;
			buildActionMask = 2147483647;
			files = (
			);
			runOnlyForDeploymentPostprocessing = 0;
		};
/* End PBXFrameworksBuildPhase section */

/* Begin PBXGroup section */
		32675A551A708D25009CE460 = {
			isa = PBXGroup;
			children = (
				32D7C5191A751E39005A056A /* JavaScriptCore.framework */,
				32675A601A708D25009CE460 /* PVSBoardGames */,
				32675A761A708D25009CE460 /* PVSBoardGamesTests */,
				32675A5F1A708D25009CE460 /* Products */,
			);
			sourceTree = "<group>";
		};
		32675A5F1A708D25009CE460 /* Products */ = {
			isa = PBXGroup;
			children = (
				32675A5E1A708D25009CE460 /* PVSBoardGames.app */,
				32675A731A708D25009CE460 /* PVSBoardGamesTests.xctest */,
			);
			name = Products;
			sourceTree = "<group>";
		};
		32675A601A708D25009CE460 /* PVSBoardGames */ = {
			isa = PBXGroup;
			children = (
				32ABE1A61A7719E200C5DEE4 /* games */,
				32D7C51E1A751F44005A056A /* PVSBoardGames-Bridging-Header.h */,
				32675A631A708D25009CE460 /* AppDelegate.swift */,
				32675A651A708D25009CE460 /* ViewController.swift */,
				32675A671A708D25009CE460 /* Main.storyboard */,
				32675A831A7099A4009CE460 /* PVSMyGamesViewController.swift */,
				32BA87901A71C9EC00017190 /* PVSGameViewController.swift */,
				327487911A756DE50072EB60 /* PVSBoardContext.swift */,
				32BA87921A71CC1E00017190 /* PVSBoard.swift */,
				32EDBE531A748FBC007E3DCD /* PVSBoardView.swift */,
				32BA87951A71DC0B00017190 /* PVSBoardSquare.swift */,
				32D7C51B1A751E61005A056A /* PVSBoardJSInterface.swift */,
				32675A6A1A708D25009CE460 /* Images.xcassets */,
				32675A6C1A708D25009CE460 /* LaunchScreen.xib */,
				32675A611A708D25009CE460 /* Supporting Files */,
				32D7C5731A7554CF005A056A /* PVSJSInterface.h */,
				32D7C5741A7554CF005A056A /* PVSJSInterface.m */,
				32D7C5711A7554CE005A056A /* PVSBoardGames-Bridging-Header.h */,
				32D7C5721A7554CE005A056A /* PVSBoardGamesTests-Bridging-Header.h */,
				327487931A75B3E70072EB60 /* PVSUtils.swift */,
			);
			path = PVSBoardGames;
			sourceTree = "<group>";
		};
		32675A611A708D25009CE460 /* Supporting Files */ = {
			isa = PBXGroup;
			children = (
				32675A621A708D25009CE460 /* Info.plist */,
			);
			name = "Supporting Files";
			sourceTree = "<group>";
		};
		32675A761A708D25009CE460 /* PVSBoardGamesTests */ = {
			isa = PBXGroup;
			children = (
				32675A791A708D25009CE460 /* PVSBoardGamesTests.swift */,
				32675A771A708D25009CE460 /* Supporting Files */,
			);
			path = PVSBoardGamesTests;
			sourceTree = "<group>";
		};
		32675A771A708D25009CE460 /* Supporting Files */ = {
			isa = PBXGroup;
			children = (
				32675A781A708D25009CE460 /* Info.plist */,
			);
			name = "Supporting Files";
			sourceTree = "<group>";
		};
/* End PBXGroup section */

/* Begin PBXNativeTarget section */
		32675A5D1A708D25009CE460 /* PVSBoardGames */ = {
			isa = PBXNativeTarget;
			buildConfigurationList = 32675A7D1A708D25009CE460 /* Build configuration list for PBXNativeTarget "PVSBoardGames" */;
			buildPhases = (
				32675A5A1A708D25009CE460 /* Sources */,
				32675A5B1A708D25009CE460 /* Frameworks */,
				32675A5C1A708D25009CE460 /* Resources */,
			);
			buildRules = (
			);
			dependencies = (
			);
			name = PVSBoardGames;
			productName = PVSBoardGames;
			productReference = 32675A5E1A708D25009CE460 /* PVSBoardGames.app */;
			productType = "com.apple.product-type.application";
		};
		32675A721A708D25009CE460 /* PVSBoardGamesTests */ = {
			isa = PBXNativeTarget;
			buildConfigurationList = 32675A801A708D25009CE460 /* Build configuration list for PBXNativeTarget "PVSBoardGamesTests" */;
			buildPhases = (
				32675A6F1A708D25009CE460 /* Sources */,
				32675A701A708D25009CE460 /* Frameworks */,
				32675A711A708D25009CE460 /* Resources */,
			);
			buildRules = (
			);
			dependencies = (
				32675A751A708D25009CE460 /* PBXTargetDependency */,
			);
			name = PVSBoardGamesTests;
			productName = PVSBoardGamesTests;
			productReference = 32675A731A708D25009CE460 /* PVSBoardGamesTests.xctest */;
			productType = "com.apple.product-type.bundle.unit-test";
		};
/* End PBXNativeTarget section */

/* Begin PBXProject section */
		32675A561A708D25009CE460 /* Project object */ = {
			isa = PBXProject;
			attributes = {
				LastUpgradeCheck = 0610;
				ORGANIZATIONNAME = "Paul Von Schrottky";
				TargetAttributes = {
					32675A5D1A708D25009CE460 = {
						CreatedOnToolsVersion = 6.1.1;
						DevelopmentTeam = 6D4PVWMQBC;
					};
					32675A721A708D25009CE460 = {
						CreatedOnToolsVersion = 6.1.1;
						TestTargetID = 32675A5D1A708D25009CE460;
					};
				};
			};
			buildConfigurationList = 32675A591A708D25009CE460 /* Build configuration list for PBXProject "PVSBoardGames" */;
			compatibilityVersion = "Xcode 3.2";
			developmentRegion = English;
			hasScannedForEncodings = 0;
			knownRegions = (
				en,
				Base,
			);
			mainGroup = 32675A551A708D25009CE460;
			productRefGroup = 32675A5F1A708D25009CE460 /* Products */;
			projectDirPath = "";
			projectRoot = "";
			targets = (
				32675A5D1A708D25009CE460 /* PVSBoardGames */,
				32675A721A708D25009CE460 /* PVSBoardGamesTests */,
			);
		};
/* End PBXProject section */

/* Begin PBXResourcesBuildPhase section */
		32675A5C1A708D25009CE460 /* Resources */ = {
			isa = PBXResourcesBuildPhase;
			buildActionMask = 2147483647;
			files = (
				32675A691A708D25009CE460 /* Main.storyboard in Resources */,
				32675A6E1A708D25009CE460 /* LaunchScreen.xib in Resources */,
				32ABE1A71A7719E200C5DEE4 /* games in Resources */,
				32675A6B1A708D25009CE460 /* Images.xcassets in Resources */,
			);
			runOnlyForDeploymentPostprocessing = 0;
		};
		32675A711A708D25009CE460 /* Resources */ = {
			isa = PBXResourcesBuildPhase;
			buildActionMask = 2147483647;
			files = (
				32ABE1A81A7719E200C5DEE4 /* games in Resources */,
			);
			runOnlyForDeploymentPostprocessing = 0;
		};
/* End PBXResourcesBuildPhase section */

/* Begin PBXSourcesBuildPhase section */
		32675A5A1A708D25009CE460 /* Sources */ = {
			isa = PBXSourcesBuildPhase;
			buildActionMask = 2147483647;
			files = (
				32EDBE541A748FBC007E3DCD /* PVSBoardView.swift in Sources */,
				32BA87961A71DC0B00017190 /* PVSBoardSquare.swift in Sources */,
				327487921A756DE50072EB60 /* PVSBoardContext.swift in Sources */,
				32BA87931A71CC1E00017190 /* PVSBoard.swift in Sources */,
				32D7C51C1A751E61005A056A /* PVSBoardJSInterface.swift in Sources */,
				327487941A75B3E70072EB60 /* PVSUtils.swift in Sources */,
				32D7C5751A7554CF005A056A /* PVSJSInterface.m in Sources */,
				32BA87911A71C9EC00017190 /* PVSGameViewController.swift in Sources */,
				32675A841A7099A4009CE460 /* PVSMyGamesViewController.swift in Sources */,
				32675A661A708D25009CE460 /* ViewController.swift in Sources */,
				32675A641A708D25009CE460 /* AppDelegate.swift in Sources */,
			);
			runOnlyForDeploymentPostprocessing = 0;
		};
		32675A6F1A708D25009CE460 /* Sources */ = {
			isa = PBXSourcesBuildPhase;
			buildActionMask = 2147483647;
			files = (
				32EDBE551A7490BC007E3DCD /* PVSBoardView.swift in Sources */,
				32BA87971A71EDE700017190 /* PVSBoard.swift in Sources */,
				32D7C51D1A751E61005A056A /* PVSBoardJSInterface.swift in Sources */,
				32BA87981A71EDE700017190 /* PVSBoardSquare.swift in Sources */,
				32D7C5761A7554CF005A056A /* PVSJSInterface.m in Sources */,
				32675A7A1A708D25009CE460 /* PVSBoardGamesTests.swift in Sources */,
			);
			runOnlyForDeploymentPostprocessing = 0;
		};
/* End PBXSourcesBuildPhase section */

/* Begin PBXTargetDependency section */
		32675A751A708D25009CE460 /* PBXTargetDependency */ = {
			isa = PBXTargetDependency;
			target = 32675A5D1A708D25009CE460 /* PVSBoardGames */;
			targetProxy = 32675A741A708D25009CE460 /* PBXContainerItemProxy */;
		};
/* End PBXTargetDependency section */

/* Begin PBXVariantGroup section */
		32675A671A708D25009CE460 /* Main.storyboard */ = {
			isa = PBXVariantGroup;
			children = (
				32675A681A708D25009CE460 /* Base */,
			);
			name = Main.storyboard;
			sourceTree = "<group>";
		};
		32675A6C1A708D25009CE460 /* LaunchScreen.xib */ = {
			isa = PBXVariantGroup;
			children = (
				32675A6D1A708D25009CE460 /* Base */,
			);
			name = LaunchScreen.xib;
			sourceTree = "<group>";
		};
/* End PBXVariantGroup section */

/* Begin XCBuildConfiguration section */
		32675A7B1A708D25009CE460 /* Debug */ = {
			isa = XCBuildConfiguration;
			buildSettings = {
				ALWAYS_SEARCH_USER_PATHS = NO;
				CLANG_CXX_LANGUAGE_STANDARD = "gnu++0x";
				CLANG_CXX_LIBRARY = "libc++";
				CLANG_ENABLE_MODULES = YES;
				CLANG_ENABLE_OBJC_ARC = YES;
				CLANG_WARN_BOOL_CONVERSION = YES;
				CLANG_WARN_CONSTANT_CONVERSION = YES;
				CLANG_WARN_DIRECT_OBJC_ISA_USAGE = YES_ERROR;
				CLANG_WARN_EMPTY_BODY = YES;
				CLANG_WARN_ENUM_CONVERSION = YES;
				CLANG_WARN_INT_CONVERSION = YES;
				CLANG_WARN_OBJC_ROOT_CLASS = YES_ERROR;
				CLANG_WARN_UNREACHABLE_CODE = YES;
				CLANG_WARN__DUPLICATE_METHOD_MATCH = YES;
				"CODE_SIGN_IDENTITY[sdk=iphoneos*]" = "iPhone Developer";
				COPY_PHASE_STRIP = NO;
				ENABLE_STRICT_OBJC_MSGSEND = YES;
				GCC_C_LANGUAGE_STANDARD = gnu99;
				GCC_DYNAMIC_NO_PIC = NO;
				GCC_OPTIMIZATION_LEVEL = 0;
				GCC_PREPROCESSOR_DEFINITIONS = (
					"DEBUG=1",
					"$(inherited)",
				);
				GCC_SYMBOLS_PRIVATE_EXTERN = NO;
				GCC_WARN_64_TO_32_BIT_CONVERSION = YES;
				GCC_WARN_ABOUT_RETURN_TYPE = YES_ERROR;
				GCC_WARN_UNDECLARED_SELECTOR = YES;
				GCC_WARN_UNINITIALIZED_AUTOS = YES_AGGRESSIVE;
				GCC_WARN_UNUSED_FUNCTION = YES;
				GCC_WARN_UNUSED_VARIABLE = YES;
				IPHONEOS_DEPLOYMENT_TARGET = 8.1;
				MTL_ENABLE_DEBUG_INFO = YES;
				ONLY_ACTIVE_ARCH = YES;
				SDKROOT = iphoneos;
				SWIFT_OBJC_BRIDGING_HEADER = "PVSBoardGames/PVSBoardGames-Bridging-Header.h";
				SWIFT_OPTIMIZATION_LEVEL = "-Onone";
				TARGETED_DEVICE_FAMILY = "1,2";
			};
			name = Debug;
		};
		32675A7C1A708D25009CE460 /* Release */ = {
			isa = XCBuildConfiguration;
			buildSettings = {
				ALWAYS_SEARCH_USER_PATHS = NO;
				CLANG_CXX_LANGUAGE_STANDARD = "gnu++0x";
				CLANG_CXX_LIBRARY = "libc++";
				CLANG_ENABLE_MODULES = YES;
				CLANG_ENABLE_OBJC_ARC = YES;
				CLANG_WARN_BOOL_CONVERSION = YES;
				CLANG_WARN_CONSTANT_CONVERSION = YES;
				CLANG_WARN_DIRECT_OBJC_ISA_USAGE = YES_ERROR;
				CLANG_WARN_EMPTY_BODY = YES;
				CLANG_WARN_ENUM_CONVERSION = YES;
				CLANG_WARN_INT_CONVERSION = YES;
				CLANG_WARN_OBJC_ROOT_CLASS = YES_ERROR;
				CLANG_WARN_UNREACHABLE_CODE = YES;
				CLANG_WARN__DUPLICATE_METHOD_MATCH = YES;
				"CODE_SIGN_IDENTITY[sdk=iphoneos*]" = "iPhone Developer";
				COPY_PHASE_STRIP = YES;
				ENABLE_NS_ASSERTIONS = NO;
				ENABLE_STRICT_OBJC_MSGSEND = YES;
				GCC_C_LANGUAGE_STANDARD = gnu99;
				GCC_WARN_64_TO_32_BIT_CONVERSION = YES;
				GCC_WARN_ABOUT_RETURN_TYPE = YES_ERROR;
				GCC_WARN_UNDECLARED_SELECTOR = YES;
				GCC_WARN_UNINITIALIZED_AUTOS = YES_AGGRESSIVE;
				GCC_WARN_UNUSED_FUNCTION = YES;
				GCC_WARN_UNUSED_VARIABLE = YES;
				IPHONEOS_DEPLOYMENT_TARGET = 8.1;
				MTL_ENABLE_DEBUG_INFO = NO;
				SDKROOT = iphoneos;
				SWIFT_OBJC_BRIDGING_HEADER = "PVSBoardGames/PVSBoardGames-Bridging-Header.h";
				TARGETED_DEVICE_FAMILY = "1,2";
				VALIDATE_PRODUCT = YES;
			};
			name = Release;
		};
		32675A7E1A708D25009CE460 /* Debug */ = {
			isa = XCBuildConfiguration;
			buildSettings = {
				ASSETCATALOG_COMPILER_APPICON_NAME = AppIcon;
				CLANG_ENABLE_MODULES = YES;
				CODE_SIGN_IDENTITY = "iPhone Developer";
				INFOPLIST_FILE = PVSBoardGames/Info.plist;
				LD_RUNPATH_SEARCH_PATHS = "$(inherited) @executable_path/Frameworks";
				PRODUCT_NAME = "$(TARGET_NAME)";
				SWIFT_OBJC_BRIDGING_HEADER = "PVSBoardGames/PVSBoardGames-Bridging-Header.h";
				SWIFT_OPTIMIZATION_LEVEL = "-Onone";
			};
			name = Debug;
		};
		32675A7F1A708D25009CE460 /* Release */ = {
			isa = XCBuildConfiguration;
			buildSettings = {
				ASSETCATALOG_COMPILER_APPICON_NAME = AppIcon;
				CLANG_ENABLE_MODULES = YES;
				CODE_SIGN_IDENTITY = "iPhone Developer";
				INFOPLIST_FILE = PVSBoardGames/Info.plist;
				LD_RUNPATH_SEARCH_PATHS = "$(inherited) @executable_path/Frameworks";
				PRODUCT_NAME = "$(TARGET_NAME)";
				SWIFT_OBJC_BRIDGING_HEADER = "PVSBoardGames/PVSBoardGames-Bridging-Header.h";
			};
			name = Release;
		};
		32675A811A708D25009CE460 /* Debug */ = {
			isa = XCBuildConfiguration;
			buildSettings = {
				BUNDLE_LOADER = "$(TEST_HOST)";
				CLANG_ENABLE_MODULES = YES;
				FRAMEWORK_SEARCH_PATHS = (
					"$(SDKROOT)/Developer/Library/Frameworks",
					"$(inherited)",
				);
				GCC_PREPROCESSOR_DEFINITIONS = (
					"DEBUG=1",
					"$(inherited)",
				);
				INFOPLIST_FILE = PVSBoardGamesTests/Info.plist;
				LD_RUNPATH_SEARCH_PATHS = "$(inherited) @executable_path/Frameworks @loader_path/Frameworks";
				PRODUCT_NAME = "$(TARGET_NAME)";
				SWIFT_OBJC_BRIDGING_HEADER = "PVSBoardGames/PVSBoardGamesTests-Bridging-Header.h";
				SWIFT_OPTIMIZATION_LEVEL = "-Onone";
				TEST_HOST = "$(BUILT_PRODUCTS_DIR)/PVSBoardGames.app/PVSBoardGames";
			};
			name = Debug;
		};
		32675A821A708D25009CE460 /* Release */ = {
			isa = XCBuildConfiguration;
			buildSettings = {
				BUNDLE_LOADER = "$(TEST_HOST)";
				CLANG_ENABLE_MODULES = YES;
				FRAMEWORK_SEARCH_PATHS = (
					"$(SDKROOT)/Developer/Library/Frameworks",
					"$(inherited)",
				);
				INFOPLIST_FILE = PVSBoardGamesTests/Info.plist;
				LD_RUNPATH_SEARCH_PATHS = "$(inherited) @executable_path/Frameworks @loader_path/Frameworks";
				PRODUCT_NAME = "$(TARGET_NAME)";
				SWIFT_OBJC_BRIDGING_HEADER = "PVSBoardGames/PVSBoardGamesTests-Bridging-Header.h";
				TEST_HOST = "$(BUILT_PRODUCTS_DIR)/PVSBoardGames.app/PVSBoardGames";
			};
			name = Release;
		};
/* End XCBuildConfiguration section */

/* Begin XCConfigurationList section */
		32675A591A708D25009CE460 /* Build configuration list for PBXProject "PVSBoardGames" */ = {
			isa = XCConfigurationList;
			buildConfigurations = (
				32675A7B1A708D25009CE460 /* Debug */,
				32675A7C1A708D25009CE460 /* Release */,
			);
			defaultConfigurationIsVisible = 0;
			defaultConfigurationName = Release;
		};
		32675A7D1A708D25009CE460 /* Build configuration list for PBXNativeTarget "PVSBoardGames" */ = {
			isa = XCConfigurationList;
			buildConfigurations = (
				32675A7E1A708D25009CE460 /* Debug */,
				32675A7F1A708D25009CE460 /* Release */,
			);
			defaultConfigurationIsVisible = 0;
			defaultConfigurationName = Release;
		};
		32675A801A708D25009CE460 /* Build configuration list for PBXNativeTarget "PVSBoardGamesTests" */ = {
			isa = XCConfigurationList;
			buildConfigurations = (
				32675A811A708D25009CE460 /* Debug */,
				32675A821A708D25009CE460 /* Release */,
			);
			defaultConfigurationIsVisible = 0;
			defaultConfigurationName = Release;
		};
/* End XCConfigurationList section */
	};
	rootObject = 32675A561A708D25009CE460 /* Project object */;
}
